
Microsoft Visual Studio Solution File, Format Version 12.00
# Visual Studio Version 16
VisualStudioVersion = 16.0.30114.105
MinimumVisualStudioVersion = 10.0.40219.1
Project("{FAE04EC0-301F-11D3-BF4B-00C04F79EFBC}") = "Actions", "Actions\Actions.csproj", "{DC0B4823-0D36-44F4-9165-4EB86EEAB606}"
EndProject
Project("{FAE04EC0-301F-11D3-BF4B-00C04F79EFBC}") = "Actions-test", "Actions-test\Actions-test.csproj", "{4644805E-C0E3-40B7-979E-027A5F96FDCF}"
EndProject
Global
	GlobalSection(SolutionConfigurationPlatforms) = preSolution
		Debug|Any CPU = Debug|Any CPU
		Release|Any CPU = Release|Any CPU
	EndGlobalSection
	GlobalSection(SolutionProperties) = preSolution
		HideSolutionNode = FALSE
	EndGlobalSection
	GlobalSection(ProjectConfigurationPlatforms) = postSolution
		{DC0B4823-0D36-44F4-9165-4EB86EEAB606}.Debug|Any CPU.ActiveCfg = Debug|Any CPU
		{DC0B4823-0D36-44F4-9165-4EB86EEAB606}.Debug|Any CPU.Build.0 = Debug|Any CPU
		{DC0B4823-0D36-44F4-9165-4EB86EEAB606}.Release|Any CPU.ActiveCfg = Release|Any CPU
		{DC0B4823-0D36-44F4-9165-4EB86EEAB606}.Release|Any CPU.Build.0 = Release|Any CPU
		{4644805E-C0E3-40B7-979E-027A5F96FDCF}.Debug|Any CPU.ActiveCfg = Debug|Any CPU
		{4644805E-C0E3-40B7-979E-027A5F96FDCF}.Debug|Any CPU.Build.0 = Debug|Any CPU
		{4644805E-C0E3-40B7-979E-027A5F96FDCF}.Release|Any CPU.ActiveCfg = Release|Any CPU
		{4644805E-C0E3-40B7-979E-027A5F96FDCF}.Release|Any CPU.Build.0 = Release|Any CPU
	EndGlobalSection
EndGlobal
